// !$*UTF8*$!
{
	archiveVersion = 1;
	classes = {
	};
	objectVersion = 42;
	objects = {

/* Begin PBXApplicationTarget section */
		DA9CBCC90C3F15BD00953859 /* testloops */ = {
			isa = PBXApplicationTarget;
			buildConfigurationList = DA9CBCCD0C3F15C400953859 /* Build configuration list for PBXApplicationTarget "testloops" */;
			buildPhases = (
				DA9CBCC50C3F15BD00953859 /* Sources */,
				DA9CBCC60C3F15BD00953859 /* Resources */,
				DA9CBCC70C3F15BD00953859 /* JavaArchive */,
				DA9CBCC80C3F15BD00953859 /* Frameworks */,
			);
			dependencies = (
			);
			name = testloops;
			productInstallPath = "$(USER_APPS_DIR)";
			productName = testloops;
			productReference = DA9CBCCA0C3F15BD00953859 /* testloops.app */;
			productSettingsXML = "<?xml version=\"1.0\" encoding=\"UTF-8\"?>
<!DOCTYPE plist PUBLIC \"-//Apple Computer//DTD PLIST 1.0//EN\" \"http://www.apple.com/DTDs/PropertyList-1.0.dtd\">
<plist version=\"1.0\">
<dict>
	<key>CFBundleDevelopmentRegion</key>
	<string>English</string>
	<key>CFBundleExecutable</key>
	<string></string>
	<key>CFBundleGetInfoString</key>
	<string></string>
	<key>CFBundleIconFile</key>
	<string></string>
	<key>CFBundleIdentifier</key>
	<string></string>
	<key>CFBundleInfoDictionaryVersion</key>
	<string>6.0</string>
	<key>CFBundleName</key>
	<string></string>
	<key>CFBundlePackageType</key>
	<string>APPL</string>
	<key>CFBundleShortVersionString</key>
	<string></string>
	<key>CFBundleSignature</key>
	<string>????</string>
	<key>CFBundleVersion</key>
	<string>0.0.1d1</string>
</dict>
</plist>
";
		};
/* End PBXApplicationTarget section */

/* Begin PBXBuildFile section */
		DA9CBCDA0C3F162100953859 /* SimpleFor.java in Sources */ = {isa = PBXBuildFile; fileRef = DA9CBCD70C3F162100953859 /* SimpleFor.java */; };
		DA9CBCDB0C3F162100953859 /* SimpleForWhile.java in Sources */ = {isa = PBXBuildFile; fileRef = DA9CBCD80C3F162100953859 /* SimpleForWhile.java */; };
		DA9CBCDC0C3F162100953859 /* SimpleWhile.java in Sources */ = {isa = PBXBuildFile; fileRef = DA9CBCD90C3F162100953859 /* SimpleWhile.java */; };
		DA9CBCE10C3F164B00953859 /* LCS.m in Sources */ = {isa = PBXBuildFile; fileRef = DA9CBCDF0C3F164B00953859 /* LCS.m */; };
		DA9CBCE20C3F164B00953859 /* main.m in Sources */ = {isa = PBXBuildFile; fileRef = DA9CBCE00C3F164B00953859 /* main.m */; };
		DA9CBCE90C3F16C300953859 /* LCS.m in Sources */ = {isa = PBXBuildFile; fileRef = DA9CBCE70C3F16C300953859 /* LCS.m */; };
		DA9CBCEA0C3F16C300953859 /* main.m in Sources */ = {isa = PBXBuildFile; fileRef = DA9CBCE80C3F16C300953859 /* main.m */; };
/* End PBXBuildFile section */

/* Begin PBXFileReference section */
		DA9CBCB40C3F156D00953859 /* LCS_objc */ = {isa = PBXFileReference; includeInIndex = 0; lastKnownFileType = "compiled.mach-o.executable"; path = LCS_objc; sourceTree = BUILT_PRODUCTS_DIR; };
		DA9CBCBD0C3F158200953859 /* LCS_cocoa */ = {isa = PBXFileReference; explicitFileType = "compiled.mach-o.executable"; includeInIndex = 0; path = LCS_cocoa; sourceTree = BUILT_PRODUCTS_DIR; };
		DA9CBCCA0C3F15BD00953859 /* testloops.app */ = {isa = PBXFileReference; explicitFileType = wrapper.application; includeInIndex = 0; path = testloops.app; sourceTree = BUILT_PRODUCTS_DIR; };
		DA9CBCD70C3F162100953859 /* SimpleFor.java */ = {isa = PBXFileReference; fileEncoding = 30; lastKnownFileType = sourcecode.java; name = SimpleFor.java; path = ../../src/SimpleFor.java; sourceTree = SOURCE_ROOT; };
		DA9CBCD80C3F162100953859 /* SimpleForWhile.java */ = {isa = PBXFileReference; fileEncoding = 30; lastKnownFileType = sourcecode.java; name = SimpleForWhile.java; path = ../../src/SimpleForWhile.java; sourceTree = SOURCE_ROOT; };
		DA9CBCD90C3F162100953859 /* SimpleWhile.java */ = {isa = PBXFileReference; fileEncoding = 30; lastKnownFileType = sourcecode.java; name = SimpleWhile.java; path = ../../src/SimpleWhile.java; sourceTree = SOURCE_ROOT; };
		DA9CBCDE0C3F164B00953859 /* LCS.h */ = {isa = PBXFileReference; explicitFileType = sourcecode.c.h; fileEncoding = 30; path = LCS.h; sourceTree = "<group>"; };
		DA9CBCDF0C3F164B00953859 /* LCS.m */ = {isa = PBXFileReference; fileEncoding = 30; lastKnownFileType = sourcecode.c.objc; path = LCS.m; sourceTree = "<group>"; };
		DA9CBCE00C3F164B00953859 /* main.m */ = {isa = PBXFileReference; fileEncoding = 30; lastKnownFileType = sourcecode.c.objc; path = main.m; sourceTree = "<group>"; };
		DA9CBCE30C3F167900953859 /* LCS.py */ = {isa = PBXFileReference; fileEncoding = 30; lastKnownFileType = text.script.python; name = LCS.py; path = ../../util/py/LCS.py; sourceTree = SOURCE_ROOT; };
		DA9CBCE50C3F169E00953859 /* JasmProcessor.py */ = {isa = PBXFileReference; fileEncoding = 30; lastKnownFileType = text.script.python; name = JasmProcessor.py; path = ../../util/py/JasmProcessor.py; sourceTree = SOURCE_ROOT; };
		DA9CBCE60C3F16C300953859 /* LCS.h */ = {isa = PBXFileReference; fileEncoding = 30; lastKnownFileType = sourcecode.c.h; name = LCS.h; path = ../../util/cocoa/src/LCS/LCS.h; sourceTree = SOURCE_ROOT; };
		DA9CBCE70C3F16C300953859 /* LCS.m */ = {isa = PBXFileReference; fileEncoding = 30; lastKnownFileType = sourcecode.c.objc; name = LCS.m; path = ../../util/cocoa/src/LCS/LCS.m; sourceTree = SOURCE_ROOT; };
		DA9CBCE80C3F16C300953859 /* main.m */ = {isa = PBXFileReference; fileEncoding = 30; lastKnownFileType = sourcecode.c.objc; name = main.m; path = ../../util/cocoa/src/LCS/main.m; sourceTree = SOURCE_ROOT; };
/* End PBXFileReference section */

/* Begin PBXFrameworksBuildPhase section */
		DA9CBCB20C3F156D00953859 /* Frameworks */ = {
			isa = PBXFrameworksBuildPhase;
			buildActionMask = 2147483647;
			files = (
			);
			runOnlyForDeploymentPostprocessing = 0;
		};
		DA9CBCBB0C3F158200953859 /* Frameworks */ = {
			isa = PBXFrameworksBuildPhase;
			buildActionMask = 2147483647;
			files = (
			);
			runOnlyForDeploymentPostprocessing = 0;
		};
		DA9CBCC80C3F15BD00953859 /* Frameworks */ = {
			isa = PBXFrameworksBuildPhase;
			buildActionMask = 2147483647;
			files = (
			);
			runOnlyForDeploymentPostprocessing = 0;
		};
/* End PBXFrameworksBuildPhase section */

/* Begin PBXGroup section */
		DA9CBCA40C3F154400953859 = {
			isa = PBXGroup;
			children = (
				DA9CBCD20C3F15DD00953859 /* java */,
				DA9CBCD10C3F15D500953859 /* objc */,
				DA9CBCD00C3F15CF00953859 /* python */,
				DA9CBCCC0C3F15C300953859 /* cocoa */,
				DA9CBCB50C3F156D00953859 /* Products */,
			);
			sourceTree = "<group>";
		};
		DA9CBCB50C3F156D00953859 /* Products */ = {
			isa = PBXGroup;
			children = (
				DA9CBCB40C3F156D00953859 /* LCS_objc */,
				DA9CBCBD0C3F158200953859 /* LCS_cocoa */,
				DA9CBCCA0C3F15BD00953859 /* testloops.app */,
			);
			name = Products;
			sourceTree = "<group>";
		};
		DA9CBCCC0C3F15C300953859 /* cocoa */ = {
			isa = PBXGroup;
			children = (
				DA9CBCD40C3F15EB00953859 /* LCS */,
			);
			name = cocoa;
			sourceTree = "<group>";
		};
		DA9CBCD00C3F15CF00953859 /* python */ = {
			isa = PBXGroup;
			children = (
				DA9CBCE40C3F168300953859 /* JasmProcessor */,
				DA9CBCD50C3F15F300953859 /* LCS */,
			);
			name = python;
			sourceTree = "<group>";
		};
		DA9CBCD10C3F15D500953859 /* objc */ = {
			isa = PBXGroup;
			children = (
				DA9CBCDD0C3F164B00953859 /* LCS */,
			);
			name = objc;
			sourceTree = "<group>";
		};
		DA9CBCD20C3F15DD00953859 /* java */ = {
			isa = PBXGroup;
			children = (
				DA9CBCD60C3F15FC00953859 /* SimpleLoops */,
			);
			name = java;
			sourceTree = "<group>";
		};
		DA9CBCD40C3F15EB00953859 /* LCS */ = {
			isa = PBXGroup;
			children = (
				DA9CBCE60C3F16C300953859 /* LCS.h */,
				DA9CBCE70C3F16C300953859 /* LCS.m */,
				DA9CBCE80C3F16C300953859 /* main.m */,
			);
			name = LCS;
			sourceTree = "<group>";
		};
		DA9CBCD50C3F15F300953859 /* LCS */ = {
			isa = PBXGroup;
			children = (
				DA9CBCE30C3F167900953859 /* LCS.py */,
			);
			name = LCS;
			sourceTree = "<group>";
		};
		DA9CBCD60C3F15FC00953859 /* SimpleLoops */ = {
			isa = PBXGroup;
			children = (
				DA9CBCD70C3F162100953859 /* SimpleFor.java */,
				DA9CBCD80C3F162100953859 /* SimpleForWhile.java */,
				DA9CBCD90C3F162100953859 /* SimpleWhile.java */,
			);
			name = SimpleLoops;
			sourceTree = "<group>";
		};
		DA9CBCDD0C3F164B00953859 /* LCS */ = {
			isa = PBXGroup;
			children = (
				DA9CBCDE0C3F164B00953859 /* LCS.h */,
				DA9CBCDF0C3F164B00953859 /* LCS.m */,
				DA9CBCE00C3F164B00953859 /* main.m */,
			);
			name = LCS;
			path = ../../util/objc/src/LCS;
			sourceTree = SOURCE_ROOT;
		};
		DA9CBCE40C3F168300953859 /* JasmProcessor */ = {
			isa = PBXGroup;
			children = (
				DA9CBCE50C3F169E00953859 /* JasmProcessor.py */,
			);
			name = JasmProcessor;
			sourceTree = "<group>";
		};
/* End PBXGroup section */

/* Begin PBXJavaArchiveBuildPhase section */
		DA9CBCC70C3F15BD00953859 /* JavaArchive */ = {
			isa = PBXJavaArchiveBuildPhase;
			buildActionMask = 2147483647;
			files = (
			);
			runOnlyForDeploymentPostprocessing = 0;
		};
/* End PBXJavaArchiveBuildPhase section */

/* Begin PBXNativeTarget section */
		DA9CBCB30C3F156D00953859 /* LCS_objc */ = {
			isa = PBXNativeTarget;
			buildConfigurationList = DA9CBCB70C3F156D00953859 /* Build configuration list for PBXNativeTarget "LCS_objc" */;
			buildPhases = (
				DA9CBCB10C3F156D00953859 /* Sources */,
				DA9CBCB20C3F156D00953859 /* Frameworks */,
			);
			buildRules = (
			);
			dependencies = (
			);
			name = LCS_objc;
			productName = LCS_objc;
			productReference = DA9CBCB40C3F156D00953859 /* LCS_objc */;
			productType = "com.apple.product-type.tool";
		};
		DA9CBCBC0C3F158200953859 /* LCS_cocoa */ = {
			isa = PBXNativeTarget;
			buildConfigurationList = DA9CBCC20C3F159400953859 /* Build configuration list for PBXNativeTarget "LCS_cocoa" */;
			buildPhases = (
				DA9CBCBA0C3F158200953859 /* Sources */,
				DA9CBCBB0C3F158200953859 /* Frameworks */,
			);
			buildRules = (
			);
			dependencies = (
			);
			name = LCS_cocoa;
			productName = LCS_cocoa;
			productReference = DA9CBCBD0C3F158200953859 /* LCS_cocoa */;
			productType = "com.apple.product-type.tool";
		};
/* End PBXNativeTarget section */

/* Begin PBXProject section */
		DA9CBCA60C3F154400953859 /* Project object */ = {
			isa = PBXProject;
			buildConfigurationList = DA9CBCA70C3F154400953859 /* Build configuration list for PBXProject "simpleloop" */;
			hasScannedForEncodings = 0;
			mainGroup = DA9CBCA40C3F154400953859;
			productRefGroup = DA9CBCB50C3F156D00953859 /* Products */;
			projectDirPath = "";
			targets = (
				DA9CBCB30C3F156D00953859 /* LCS_objc */,
				DA9CBCBC0C3F158200953859 /* LCS_cocoa */,
				DA9CBCC90C3F15BD00953859 /* testloops */,
			);
		};
/* End PBXProject section */

/* Begin PBXResourcesBuildPhase section */
		DA9CBCC60C3F15BD00953859 /* Resources */ = {
			isa = PBXResourcesBuildPhase;
			buildActionMask = 2147483647;
			files = (
			);
			runOnlyForDeploymentPostprocessing = 0;
		};
/* End PBXResourcesBuildPhase section */

/* Begin PBXSourcesBuildPhase section */
		DA9CBCB10C3F156D00953859 /* Sources */ = {
			isa = PBXSourcesBuildPhase;
			buildActionMask = 2147483647;
			files = (
				DA9CBCE10C3F164B00953859 /* LCS.m in Sources */,
				DA9CBCE20C3F164B00953859 /* main.m in Sources */,
			);
			runOnlyForDeploymentPostprocessing = 0;
		};
		DA9CBCBA0C3F158200953859 /* Sources */ = {
			isa = PBXSourcesBuildPhase;
			buildActionMask = 2147483647;
			files = (
				DA9CBCE90C3F16C300953859 /* LCS.m in Sources */,
				DA9CBCEA0C3F16C300953859 /* main.m in Sources */,
			);
			runOnlyForDeploymentPostprocessing = 0;
		};
		DA9CBCC50C3F15BD00953859 /* Sources */ = {
			isa = PBXSourcesBuildPhase;
			buildActionMask = 2147483647;
			files = (
				DA9CBCDA0C3F162100953859 /* SimpleFor.java in Sources */,
				DA9CBCDB0C3F162100953859 /* SimpleForWhile.java in Sources */,
				DA9CBCDC0C3F162100953859 /* SimpleWhile.java in Sources */,
			);
			runOnlyForDeploymentPostprocessing = 0;
		};
/* End PBXSourcesBuildPhase section */

/* Begin XCBuildConfiguration section */
		DA9CBCA80C3F154400953859 /* Debug */ = {
			isa = XCBuildConfiguration;
			buildSettings = {
				COPY_PHASE_STRIP = NO;
			};
			name = Debug;
		};
		DA9CBCA90C3F154400953859 /* Release */ = {
			isa = XCBuildConfiguration;
			buildSettings = {
				COPY_PHASE_STRIP = YES;
			};
			name = Release;
		};
		DA9CBCB80C3F156D00953859 /* Debug */ = {
			isa = XCBuildConfiguration;
			buildSettings = {
				COPY_PHASE_STRIP = NO;
				GCC_DYNAMIC_NO_PIC = NO;
				GCC_ENABLE_FIX_AND_CONTINUE = YES;
				GCC_GENERATE_DEBUGGING_SYMBOLS = YES;
				GCC_MODEL_TUNING = G5;
				GCC_OPTIMIZATION_LEVEL = 0;
				GCC_PRECOMPILE_PREFIX_HEADER = YES;
				GCC_PREFIX_HEADER = "$(SYSTEM_LIBRARY_DIR)/Frameworks/AppKit.framework/Headers/AppKit.h";
				INSTALL_PATH = "$(HOME)/bin";
				OTHER_LDFLAGS = (
					"-framework",
					Foundation,
					"-framework",
					AppKit,
				);
				PREBINDING = NO;
				PRODUCT_NAME = LCS_objc;
				ZERO_LINK = YES;
			};
			name = Debug;
		};
		DA9CBCB90C3F156D00953859 /* Release */ = {
			isa = XCBuildConfiguration;
			buildSettings = {
				COPY_PHASE_STRIP = YES;
				GCC_ENABLE_FIX_AND_CONTINUE = NO;
				GCC_GENERATE_DEBUGGING_SYMBOLS = NO;
				GCC_MODEL_TUNING = G5;
				GCC_PRECOMPILE_PREFIX_HEADER = YES;
				GCC_PREFIX_HEADER = "$(SYSTEM_LIBRARY_DIR)/Frameworks/AppKit.framework/Headers/AppKit.h";
				INSTALL_PATH = "$(HOME)/bin";
				OTHER_LDFLAGS = (
					"-framework",
					Foundation,
					"-framework",
					AppKit,
				);
				PREBINDING = NO;
				PRODUCT_NAME = LCS_objc;
				ZERO_LINK = NO;
			};
			name = Release;
		};
		DA9CBCC30C3F159400953859 /* Debug */ = {
			isa = XCBuildConfiguration;
			buildSettings = {
				COPY_PHASE_STRIP = NO;
				GCC_DYNAMIC_NO_PIC = NO;
				GCC_ENABLE_FIX_AND_CONTINUE = YES;
				GCC_GENERATE_DEBUGGING_SYMBOLS = YES;
				GCC_MODEL_TUNING = G5;
				GCC_OPTIMIZATION_LEVEL = 0;
				GCC_PRECOMPILE_PREFIX_HEADER = YES;
				GCC_PREFIX_HEADER = "$(SYSTEM_LIBRARY_DIR)/Frameworks/AppKit.framework/Headers/AppKit.h";
				INSTALL_PATH = "$(HOME)/bin";
				OTHER_LDFLAGS = (
					"-framework",
					Foundation,
					"-framework",
					AppKit,
				);
				PREBINDING = NO;
				PRODUCT_NAME = LCS_cocoa;
				ZERO_LINK = YES;
			};
			name = Debug;
		};
		DA9CBCC40C3F159400953859 /* Release */ = {
			isa = XCBuildConfiguration;
			buildSettings = {
				COPY_PHASE_STRIP = YES;
				GCC_ENABLE_FIX_AND_CONTINUE = NO;
				GCC_GENERATE_DEBUGGING_SYMBOLS = NO;
				GCC_MODEL_TUNING = G5;
				GCC_PRECOMPILE_PREFIX_HEADER = YES;
				GCC_PREFIX_HEADER = "$(SYSTEM_LIBRARY_DIR)/Frameworks/AppKit.framework/Headers/AppKit.h";
				INSTALL_PATH = "$(HOME)/bin";
				OTHER_LDFLAGS = (
					"-framework",
					Foundation,
					"-framework",
					AppKit,
				);
				PREBINDING = NO;
				PRODUCT_NAME = LCS_cocoa;
				ZERO_LINK = NO;
			};
			name = Release;
		};
		DA9CBCCE0C3F15C400953859 /* Debug */ = {
			isa = XCBuildConfiguration;
			buildSettings = {
				COPY_PHASE_STRIP = NO;
				GCC_DYNAMIC_NO_PIC = NO;
				GCC_GENERATE_DEBUGGING_SYMBOLS = YES;
				GCC_OPTIMIZATION_LEVEL = 0;
				JAVA_COMPILER = /usr/bin/javac;
				JAVA_ONLY = YES;
				JAVA_SOURCE_SUBDIR = .;
				OPTIMIZATION_CFLAGS = "-O0";
				OTHER_CFLAGS = "";
				OTHER_LDFLAGS = "";
				OTHER_REZFLAGS = "";
				PRODUCT_NAME = testloops;
				SECTORDER_FLAGS = "";
				WARNING_CFLAGS = (
					"-Wmost",
					"-Wno-four-char-constants",
					"-Wno-unknown-pragmas",
				);
				WRAPPER_EXTENSION = app;
			};
			name = Debug;
		};
		DA9CBCCF0C3F15C400953859 /* Release */ = {
			isa = XCBuildConfiguration;
			buildSettings = {
				COPY_PHASE_STRIP = YES;
				GCC_ENABLE_FIX_AND_CONTINUE = NO;
				GCC_GENERATE_DEBUGGING_SYMBOLS = NO;
				JAVA_COMPILER = /usr/bin/javac;
				JAVA_ONLY = YES;
				JAVA_SOURCE_SUBDIR = .;
				OPTIMIZATION_CFLAGS = "-O0";
				OTHER_CFLAGS = "";
				OTHER_LDFLAGS = "";
				OTHER_REZFLAGS = "";
				PRODUCT_NAME = testloops;
				SECTORDER_FLAGS = "";
				WARNING_CFLAGS = (
					"-Wmost",
					"-Wno-four-char-constants",
					"-Wno-unknown-pragmas",
				);
				WRAPPER_EXTENSION = app;
				ZERO_LINK = NO;
			};
			name = Release;
		};
/* End XCBuildConfiguration section */

/* Begin XCConfigurationList section */
		DA9CBCA70C3F154400953859 /* Build configuration list for PBXProject "simpleloop" */ = {
			isa = XCConfigurationList;
			buildConfigurations = (
				DA9CBCA80C3F154400953859 /* Debug */,
				DA9CBCA90C3F154400953859 /* Release */,
			);
			defaultConfigurationIsVisible = 0;
			defaultConfigurationName = Release;
		};
		DA9CBCB70C3F156D00953859 /* Build configuration list for PBXNativeTarget "LCS_objc" */ = {
			isa = XCConfigurationList;
			buildConfigurations = (
				DA9CBCB80C3F156D00953859 /* Debug */,
				DA9CBCB90C3F156D00953859 /* Release */,
			);
			defaultConfigurationIsVisible = 0;
			defaultConfigurationName = Release;
		};
		DA9CBCC20C3F159400953859 /* Build configuration list for PBXNativeTarget "LCS_cocoa" */ = {
			isa = XCConfigurationList;
			buildConfigurations = (
				DA9CBCC30C3F159400953859 /* Debug */,
				DA9CBCC40C3F159400953859 /* Release */,
			);
			defaultConfigurationIsVisible = 0;
			defaultConfigurationName = Release;
		};
		DA9CBCCD0C3F15C400953859 /* Build configuration list for PBXApplicationTarget "testloops" */ = {
			isa = XCConfigurationList;
			buildConfigurations = (
				DA9CBCCE0C3F15C400953859 /* Debug */,
				DA9CBCCF0C3F15C400953859 /* Release */,
			);
			defaultConfigurationIsVisible = 0;
			defaultConfigurationName = Release;
		};
/* End XCConfigurationList section */
	};
	rootObject = DA9CBCA60C3F154400953859 /* Project object */;
}
